
Microsoft Visual Studio Solution File, Format Version 12.00
# Visual Studio Version 17
VisualStudioVersion = 17.4.33213.308
MinimumVisualStudioVersion = 10.0.40219.1
Project("{FAE04EC0-301F-11D3-BF4B-00C04F79EFBC}") = "MagicTord-N-SondreTheAPI", "MagicTord-N-SondreTheAPI.csproj", "{C19B88C4-019B-4876-AC17-6F6EC4C219E3}"
EndProject
Global
	GlobalSection(SolutionConfigurationPlatforms) = preSolution
		Debug|Any CPU = Debug|Any CPU
		Release|Any CPU = Release|Any CPU
	EndGlobalSection
	GlobalSection(ProjectConfigurationPlatforms) = postSolution
		{C19B88C4-019B-4876-AC17-6F6EC4C219E3}.Debug|Any CPU.ActiveCfg = Debug|Any CPU
		{C19B88C4-019B-4876-AC17-6F6EC4C219E3}.Debug|Any CPU.Build.0 = Debug|Any CPU
		{C19B88C4-019B-4876-AC17-6F6EC4C219E3}.Release|Any CPU.ActiveCfg = Release|Any CPU
		{C19B88C4-019B-4876-AC17-6F6EC4C219E3}.Release|Any CPU.Build.0 = Release|Any CPU
	EndGlobalSection
	GlobalSection(SolutionProperties) = preSolution
		HideSolutionNode = FALSE
	EndGlobalSection
	GlobalSection(ExtensibilityGlobals) = postSolution
		SolutionGuid = {DCC5CBCF-3644-4427-919A-7BA88A7A8FA9}
	EndGlobalSection
EndGlobal
