
Microsoft Visual Studio Solution File, Format Version 12.00
# Visual Studio Version 17
VisualStudioVersion = 17.4.33213.308
MinimumVisualStudioVersion = 10.0.40219.1
Project("{9A19103F-16F7-4668-BE54-9A1E7A4F7556}") = "MagicTord-N-SondreTheWebAPI", "..\MagicTord-N-SondreTheWebAPI\MagicTord-N-SondreTheWebAPI.csproj", "{95A43D17-3448-47DF-91B2-2AB13B7A7BA3}"
EndProject
Global
	GlobalSection(SolutionConfigurationPlatforms) = preSolution
		Debug|Any CPU = Debug|Any CPU
		Release|Any CPU = Release|Any CPU
	EndGlobalSection
	GlobalSection(ProjectConfigurationPlatforms) = postSolution
		{95A43D17-3448-47DF-91B2-2AB13B7A7BA3}.Debug|Any CPU.ActiveCfg = Debug|Any CPU
		{95A43D17-3448-47DF-91B2-2AB13B7A7BA3}.Debug|Any CPU.Build.0 = Debug|Any CPU
		{95A43D17-3448-47DF-91B2-2AB13B7A7BA3}.Release|Any CPU.ActiveCfg = Release|Any CPU
		{95A43D17-3448-47DF-91B2-2AB13B7A7BA3}.Release|Any CPU.Build.0 = Release|Any CPU
	EndGlobalSection
	GlobalSection(SolutionProperties) = preSolution
		HideSolutionNode = FALSE
	EndGlobalSection
	GlobalSection(ExtensibilityGlobals) = postSolution
		SolutionGuid = {DCC5CBCF-3644-4427-919A-7BA88A7A8FA9}
	EndGlobalSection
EndGlobal
